# This file was autogenerated by uv via the following command:
#    uv pip compile requirements.txt requirements-dev.txt -o requirements-dev.lock
aiohappyeyeballs==2.7.1
    # via aiohttp
aiohttp==3.14.3
    # via
    #   dashscope
    #   kubernetes
aiosignal==1.4.0
    # via aiohttp
annotated-doc==0.0.5
    # via
    #   fastapi
    #   typer
annotated-types==0.8.0
    # via pydantic
anyio==4.15.1
    # via
    #   httpx
    #   httpx2
    #   openai
    #   starlette
    #   watchfiles
ast-serialize==0.11.2
    # via mypy
attrs==26.1.0
    # via
    #   aiohttp
    #   jsonschema
    #   referencing
bcrypt==5.0.0
    # via chromadb
build==1.6.1
    # via chromadb
certifi==2026.7.22
    # via
    #   dashscope
    #   httpcore
    #   httpx
    #   kubernetes
    #   requests
cffi==2.1.1
    # via cryptography
charset-normalizer==3.5.1
    # via requests
chromadb==1.5.9
    # via -r requirements.txt
click==8.5.0
    # via
    #   huggingface-hub
    #   uvicorn
colorama==0.4.6
    # via
    #   build
    #   pytest
    #   tqdm
    #   typer
cryptography==50.0.1
    # via dashscope
dashscope==1.27.6
    # via -r requirements.txt
durationpy==0.11
    # via kubernetes
fastapi==0.141.1
    # via -r requirements.txt
filelock==4.0.0
    # via huggingface-hub
filetype==1.2.0
    # via -r requirements.txt
flatbuffers==25.12.19
    # via onnxruntime
frozenlist==1.8.0
    # via
    #   aiohttp
    #   aiosignal
fsspec==2026.7.0
    # via huggingface-hub
googleapis-common-protos==1.75.3
    # via opentelemetry-exporter-otlp-proto-grpc
grpcio==1.84.0
    # via
    #   chromadb
    #   opentelemetry-exporter-otlp-proto-grpc
h11==0.16.0
    # via
    #   httpcore
    #   httpcore2
    #   uvicorn
hf-xet==1.6.0
    # via huggingface-hub
httpcore==1.0.9
    # via httpx
httpcore2==2.13.1
    # via httpx2
httptools==0.8.0
    # via uvicorn
httpx==0.28.1
    # via
    #   -r requirements.txt
    #   chromadb
    #   dashscope
    #   huggingface-hub
httpx-sse==0.4.3
    # via dashscope
httpx2==2.13.1
    # via openai
huggingface-hub==1.32.0
    # via tokenizers
idna==3.19
    # via
    #   anyio
    #   httpx
    #   httpx2
    #   requests
    #   yarl
importlib-resources==7.1.0
    # via chromadb
iniconfig==2.3.0
    # via pytest
jieba==0.42.1
    # via -r requirements.txt
jiter==0.17.0
    # via openai
jsonschema==4.26.0
    # via chromadb
jsonschema-specifications==2025.9.1
    # via jsonschema
kubernetes==36.0.3
    # via chromadb
librt==0.15.0
    # via mypy
lxml==6.1.3
    # via python-docx
markdown-it-py==4.2.0
    # via rich
mdurl==0.1.2
    # via markdown-it-py
mmh3==5.3.0
    # via chromadb
multidict==6.8.0
    # via
    #   aiohttp
    #   yarl
mypy==2.3.1
    # via -r requirements-dev.txt
mypy-extensions==1.1.0
    # via mypy
numpy==2.5.3
    # via
    #   chromadb
    #   onnxruntime
oauthlib==3.3.1
    # via requests-oauthlib
onnxruntime==1.30.0
    # via chromadb
openai==3.19.2
    # via -r requirements.txt
opentelemetry-api==1.44.0
    # via
    #   chromadb
    #   opentelemetry-exporter-otlp-proto-grpc
    #   opentelemetry-sdk
    #   opentelemetry-semantic-conventions
opentelemetry-exporter-otlp-proto-common==1.44.0
    # via opentelemetry-exporter-otlp-proto-grpc
opentelemetry-exporter-otlp-proto-grpc==1.44.0
    # via chromadb
opentelemetry-proto==1.44.0
    # via
    #   opentelemetry-exporter-otlp-proto-common
    #   opentelemetry-exporter-otlp-proto-grpc
opentelemetry-sdk==1.44.0
    # via
    #   chromadb
    #   opentelemetry-exporter-otlp-proto-grpc
opentelemetry-semantic-conventions==0.65b0
    # via opentelemetry-sdk
orjson==3.12.0
    # via chromadb
overrides==7.7.0
    # via chromadb
packaging==26.3
    # via
    #   build
    #   huggingface-hub
    #   onnxruntime
    #   pytest
pathspec==1.1.1
    # via mypy
pluggy==1.6.0
    # via pytest
propcache==0.5.4
    # via
    #   aiohttp
    #   yarl
protobuf==7.36.1
    # via
    #   googleapis-common-protos
    #   onnxruntime
    #   opentelemetry-proto
pybase64==1.5.0
    # via chromadb
pycparser==3.0
    # via cffi
pydantic==2.13.5
    # via
    #   -r requirements.txt
    #   chromadb
    #   fastapi
    #   openai
    #   pydantic-settings
pydantic-core==2.46.5
    # via pydantic
pydantic-settings==2.15.0
    # via chromadb
pygments==2.21.0
    # via
    #   pytest
    #   rich
pypdf==6.19.0
    # via -r requirements.txt
pypika==0.51.1
    # via chromadb
pyproject-hooks==1.3.3
    # via build
pytest==9.1.1
    # via -r requirements-dev.txt
python-dateutil==2.9.0.post0
    # via kubernetes
python-docx==1.2.0
    # via -r requirements.txt
python-dotenv==1.2.3
    # via
    #   -r requirements.txt
    #   pydantic-settings
    #   uvicorn
python-multipart==0.0.32
    # via -r requirements.txt
pyyaml==6.0.3
    # via
    #   chromadb
    #   huggingface-hub
    #   kubernetes
    #   uvicorn
referencing==0.37.0
    # via
    #   jsonschema
    #   jsonschema-specifications
requests==2.34.2
    # via
    #   dashscope
    #   kubernetes
    #   requests-oauthlib
requests-oauthlib==2.0.0
    # via kubernetes
rich==15.0.0
    # via
    #   chromadb
    #   dashscope
    #   typer
rpds-py==2026.6.3
    # via
    #   jsonschema
    #   referencing
ruff==0.16.8
    # via -r requirements-dev.txt
shellingham==1.5.4
    # via typer
six==1.17.0
    # via
    #   kubernetes
    #   python-dateutil
sniffio==1.3.1
    # via openai
starlette==1.6.0
    # via fastapi
tenacity==9.1.4
    # via chromadb
tokenizers==0.23.2
    # via chromadb
tqdm==4.70.1
    # via
    #   chromadb
    #   huggingface-hub
truststore==0.10.4
    # via
    #   httpcore2
    #   httpx2
typer==0.27.2
    # via
    #   chromadb
    #   dashscope
typing-extensions==4.16.0
    # via
    #   aiohttp
    #   aiosignal
    #   anyio
    #   chromadb
    #   dashscope
    #   fastapi
    #   grpcio
    #   httpx2
    #   huggingface-hub
    #   mypy
    #   openai
    #   opentelemetry-api
    #   opentelemetry-exporter-otlp-proto-grpc
    #   opentelemetry-sdk
    #   opentelemetry-semantic-conventions
    #   pydantic
    #   pydantic-core
    #   python-docx
    #   referencing
    #   starlette
    #   typing-inspection
typing-inspection==0.4.4
    # via
    #   fastapi
    #   pydantic
    #   pydantic-settings
urllib3==2.8.0
    # via
    #   kubernetes
    #   requests
uuid6==2025.0.1
    # via -r requirements.txt
uvicorn==0.53.0
    # via
    #   -r requirements.txt
    #   chromadb
watchfiles==1.2.0
    # via uvicorn
websocket-client==1.9.2
    # via
    #   dashscope
    #   kubernetes
websockets==16.1.1
    # via uvicorn
yarl==1.25.1
    # via aiohttp
